# THIS IS AN AUTOGENERATED FILE. DO NOT EDIT THIS FILE DIRECTLY.
# yarn lockfile v1


"@datastructures-js/binary-search-tree@^4.1.0", "@datastructures-js/binary-search-tree@^4.2.2":
  version "4.2.2"
  resolved "https://registry.yarnpkg.com/@datastructures-js/binary-search-tree/-/binary-search-tree-4.2.2.tgz#0badd5a0f78e8c8059befd5966e3a9f711bce4bb"
  integrity sha512-P8eJRG49Z58grk9SQu+sBC7yjr2tTN/lss6m16X/RNxR/jkvIwfh6exldh21m7Im0iOwc2yQV0DmzIeyosXvMw==

"@datastructures-js/graph@^5.1.1":
  version "5.1.1"
  resolved "https://registry.yarnpkg.com/@datastructures-js/graph/-/graph-5.1.1.tgz#76a14ff94a370dce6953645491d1542db321b144"
  integrity sha512-sy3pTMEORBhxbdwTMqnlImbndnxmIXBOgJd9kUugYcKGiljskGLANy6ByMCodq/zIGVNDgD/FZDNZ6hmdafISw==
  dependencies:
    "@datastructures-js/queue" "^3.1.3"

"@datastructures-js/heap@^3.1.0", "@datastructures-js/heap@^3.1.1":
  version "3.1.1"
  resolved "https://registry.yarnpkg.com/@datastructures-js/heap/-/heap-3.1.1.tgz#34ec812a4964a7bf6a1726174234cd70bf5d6ea3"
  integrity sha512-YwaiiusllkurZnMsYSB9WYKz9OhCY0siD/2RPRYtPQnH/BxHaV/YEprHcnfGUuowTVsByFGltqurc54C9+k03A==

"@datastructures-js/linked-list@^5.1.1":
  version "5.1.1"
  resolved "https://registry.yarnpkg.com/@datastructures-js/linked-list/-/linked-list-5.1.1.tgz#4e2131b41ef74a368fc1925374abec0dff009579"
  integrity sha512-fj5vOozZX5Sw+Z7dJcicvQxMbWTuOizZ+dW+pMcYWMMgMiLERzJ3Zv6Tdn+VStej9ax6tq7LIQxKGiZyXMvWmg==
  dependencies:
    "@datastructures-js/binary-search-tree" "^4.1.0"

"@datastructures-js/priority-queue@^5.1.1":
  version "5.1.1"
  resolved "https://registry.yarnpkg.com/@datastructures-js/priority-queue/-/priority-queue-5.1.1.tgz#00e64071d54821c0c163f89e3cbf7ff48d59b4ef"
  integrity sha512-uMYmh+dNalf+FMQ2RbL6Y0rZkEykVMpGBZRa9feawuNN5XEc3QbBfkB6ampb1MqQZzbnfvawDfxSL9Y9SuKF1w==
  dependencies:
    "@datastructures-js/heap" "^3.1.0"

"@datastructures-js/queue@^3.1.3":
  version "3.1.4"
  resolved "https://registry.yarnpkg.com/@datastructures-js/queue/-/queue-3.1.4.tgz#785bcbe29af6003934fd0e7849295d62543dba5d"
  integrity sha512-8QqkdAJQDDd25OBX28lKj7HXD+Cxs6Ee0ogJkZUjD5R1fAvRAWsrCeKop0szqANYjMwdQQd75vyc3Cm8qNJH+Q==

"@datastructures-js/queue@^4.1.3":
  version "4.1.3"
  resolved "https://registry.yarnpkg.com/@datastructures-js/queue/-/queue-4.1.3.tgz#57bb502621de88ad3f55c9f094e76a36966cd6ca"
  integrity sha512-vvtwLDJ+R53i+vXr7llIXm2cLI0LzaN9edeJ7sEzti4TQUj/3Bpgp1mJKhWA8CWpW09sysvASab0kPP2cEbjNg==

"@datastructures-js/set@^4.1.1":
  version "4.1.1"
  resolved "https://registry.yarnpkg.com/@datastructures-js/set/-/set-4.1.1.tgz#c3f0ebc24e248b56e92f8204c45623824ebd5d8d"
  integrity sha512-++5tT32/hlbDyv0mgj4PQsgUG8TALtz6OnCMEbk1/dS1cFl3VUeye1Dx4af5L55UzGfCp1yknQjvRjtIkgzW2w==

"@datastructures-js/stack@^3.1.2":
  version "3.1.2"
  resolved "https://registry.yarnpkg.com/@datastructures-js/stack/-/stack-3.1.2.tgz#c27ad9a044ea9272dbe821c8d3a6646927c5e9b9"
  integrity sha512-lrLR7wMROZ5ad4iXoX0JktyNTg3cQTjVTlqLiqKzVNipXsyPrlUjPtUsOVLpzHPzQ3IgtDvbejrFpINLiB35vw==

"@datastructures-js/trie@^4.1.1":
  version "4.1.1"
  resolved "https://registry.yarnpkg.com/@datastructures-js/trie/-/trie-4.1.1.tgz#f91bce413e3864f882f07dec7bc2d4cf94be0e30"
  integrity sha512-S1G9k3GGZNRfLETNT/uUuGcMjkFbFLSNJwalacXs96UNwmnCJTJ0EYpLJH/TNMvDSVbmlntYgXgZXrM66V2q7w==

ansi-styles@^4.1.0:
  version "4.3.0"
  resolved "https://registry.yarnpkg.com/ansi-styles/-/ansi-styles-4.3.0.tgz#edd803628ae71c04c85ae7a0906edad34b648937"
  integrity sha512-zbB9rCJAT1rbjiVDb2hqKFHNYLxgtk8NURxZ3IZwD3F6NtxbXZQCnnSi1Lkx+IDohdPlFp222wVALIheZJQSEg==
  dependencies:
    color-convert "^2.0.1"

chalk@^4.1.1:
  version "4.1.1"
  resolved "https://registry.yarnpkg.com/chalk/-/chalk-4.1.1.tgz#c80b3fab28bf6371e6863325eee67e618b77e6ad"
  integrity sha512-diHzdDKxcU+bAsUboHLPEDQiw0qEe0qd7SYUn3HgcFlWgbDcfLGswOHYeGrHKzG9z6UYf01d9VFMfZxPM1xZSg==
  dependencies:
    ansi-styles "^4.1.0"
    supports-color "^7.1.0"

color-convert@^2.0.1:
  version "2.0.1"
  resolved "https://registry.yarnpkg.com/color-convert/-/color-convert-2.0.1.tgz#72d3a68d598c9bdb3af2ad1e84f21d896abd4de3"
  integrity sha512-RRECPsj7iu/xb5oKYcsFHSppFNnsj/52OVTRKb4zP5onXwVF3zVmmToNcOfGC+CRDpfK/U584fMg38ZHCaElKQ==
  dependencies:
    color-name "~1.1.4"

color-name@~1.1.4:
  version "1.1.4"
  resolved "https://registry.yarnpkg.com/color-name/-/color-name-1.1.4.tgz#c2a09a87acbde69543de6f63fa3995c826c536a2"
  integrity sha512-dOy+3AuW3a2wNbZHIuMZpTcgjGuLU/uBL/ubcZF9OXbDo8ff4O8yVp5Bf0efS8uEoYo5q4Fx7dY9OgQGXgAsQA==

datastructures-js@^10.1.1:
  version "10.1.1"
  resolved "https://registry.yarnpkg.com/datastructures-js/-/datastructures-js-10.1.1.tgz#bde78042fb8eaf6596073bbf78c3d07317aebda3"
  integrity sha512-TVfNYZxkxr9Y/YTluua7EcgVWpo97IzNpCy6C30kVJ659ha5C/4GcYZm7Iak4CWMVh+Eh2tJ75Tvrn3Us2ui4A==
  dependencies:
    "@datastructures-js/binary-search-tree" "^4.2.2"
    "@datastructures-js/graph" "^5.1.1"
    "@datastructures-js/heap" "^3.1.1"
    "@datastructures-js/linked-list" "^5.1.1"
    "@datastructures-js/priority-queue" "^5.1.1"
    "@datastructures-js/queue" "^4.1.3"
    "@datastructures-js/set" "^4.1.1"
    "@datastructures-js/stack" "^3.1.2"
    "@datastructures-js/trie" "^4.1.1"

has-flag@^4.0.0:
  version "4.0.0"
  resolved "https://registry.yarnpkg.com/has-flag/-/has-flag-4.0.0.tgz#944771fd9c81c81265c4d6941860da06bb59479b"
  integrity sha512-EykJT/Q1KjTWctppgIAgfSO0tKVuZUjhgMr17kqTumMl6Afv3EISleU7qZUzoXDFTAHTDC4NOoG/ZxU3EvlMPQ==

supports-color@^7.1.0:
  version "7.2.0"
  resolved "https://registry.yarnpkg.com/supports-color/-/supports-color-7.2.0.tgz#1b7dcdcb32b8138801b3e478ba6a51caa89648da"
  integrity sha512-qpCAvRl9stuOHveKsn7HncJRvv501qIacKzQlO/+Lwxc9+0q2wLyv4Dfvt80/DPn2pqOBsJdDiogXGR9+OvwRw==
  dependencies:
    has-flag "^4.0.0"
